{
    "_meta": {
        "hash": {
            "sha256": "f8c883abbc744a1bb5ed24d29f2d1e27371d3462b1855a48c539ed756be05ea7"
        },
        "pipfile-spec": 6,
        "requires": {
            "python_version": "3.6"
        },
        "sources": [
            {
                "name": "pypi",
                "url": "https://pypi.org/simple",
                "verify_ssl": true
            }
        ]
    },
    "default": {
        "behave": {
            "hashes": [
                "sha256:b9662327aa53294c1351b0a9c369093ccec1d21026f050c3bd9b3e5cccf81a86",
                "sha256:ebda1a6c9e5bfe95c5f9f0a2794e01c7098b3dde86c10a95d8621c5907ff6f1c"
            ],
            "index": "pypi",
            "version": "==1.2.6"
        },
        "behave-django": {
            "hashes": [
                "sha256:09fd06ead8479711c31bf443826807df6eb8bb19a0b72b9bdded310565ab48d6"
            ],
            "index": "pypi",
            "version": "==1.1.0"
        },
        "dj-database-url": {
            "hashes": [
                "sha256:4aeaeb1f573c74835b0686a2b46b85990571159ffc21aa57ecd4d1e1cb334163",
                "sha256:851785365761ebe4994a921b433062309eb882fedd318e1b0fcecc607ed02da9"
            ],
            "index": "pypi",
            "version": "==0.5.0"
        },
        "django": {
            "hashes": [
                "sha256:a32c22af23634e1d11425574dce756098e015a165be02e4690179889b207c7a8",
                "sha256:d6393918da830530a9516bbbcbf7f1214c3d733738779f06b0f649f49cc698c3"
            ],
            "index": "pypi",
            "version": "==2.1.5"
        },
        "django-extensions": {
            "hashes": [
                "sha256:8317a3fe479b1ba3e3a04ecf33fb8d6ccf09bb18f30eab64e34c40a593741d26",
                "sha256:a76a61566f1c8d96acc7bcf765080b8e91367a25a2c6f8c5bddd574493839180"
            ],
            "index": "pypi",
            "version": "==2.1.4"
        },
        "django-money": {
            "hashes": [
                "sha256:20a45bbe6a1aa1f595fdb546e1b22d5339dcfdf626ad9a202e768899d403b205",
                "sha256:a62216c7cf06371b86a630cd99c5ae74b4ef897bfc970b1b57f1795b11a90b51"
            ],
            "index": "pypi",
            "version": "==0.14.3"
        },
        "django-webpack-loader": {
            "hashes": [
                "sha256:60bab6b9a037a5346fad12d2a70a6bc046afb33154cf75ed640b93d3ebd5f520",
                "sha256:970b968c2a8975fb7eff56a3bab5d0d90d396740852d1e0c50c5cfe2b824199a"
            ],
            "index": "pypi",
            "version": "==0.6.0"
        },
        "gunicorn": {
            "hashes": [
                "sha256:aa8e0b40b4157b36a5df5e599f45c9c76d6af43845ba3b3b0efe2c70473c2471",
                "sha256:fa2662097c66f920f53f70621c6c58ca4a3c4d3434205e608e121b5b3b71f4f3"
            ],
            "index": "pypi",
            "version": "==19.9.0"
        },
        "parse": {
            "hashes": [
                "sha256:9dd6048ea212cd032a342f9f6aa2b7bc222f7407c7e37bdc2777fecd36897437"
            ],
            "version": "==1.9.0"
        },
        "parse-type": {
            "hashes": [
                "sha256:6e906a66f340252e4c324914a60d417d33a4bea01292ea9bbf68b4fc123be8c9",
                "sha256:f596bdc75d3dd93036fbfe3d04127da9f6df0c26c36e01e76da85adef4336b3c"
            ],
            "version": "==0.4.2"
        },
        "psycopg2": {
            "hashes": [
                "sha256:10e391687b171878181e71736d0effe3772314a339d9ae30995ec8171a0c834e",
                "sha256:1283f9d45e458c2dcb15ba89367923563f90ef636fe78ee22df75183484a0237",
                "sha256:1a9c32e4d140bea225f9821d993b2e53c913e717ea97b851246aa9b300095d8f",
                "sha256:1be6f2438d2b71fec7b07c3c0949dd321b04349c382907ea76b36120edec8300",
                "sha256:20ca6f29e118b8dd7133e8708b3fba2881e70a4e0841f874ed23985b7201a076",
                "sha256:227c115b3c1f65d61385e51ac690b91b584640aefb45bffacd4bd33d02ed7221",
                "sha256:27959abe64ca1fc6d8cd11a71a1f421d8287831a3262bd4cacd43bbf43cc3c82",
                "sha256:2b2daf1fe30a58300542aea679fd87d1e1c2afd36e7644837b7954fa2dbacb92",
                "sha256:36e51a51f295fdf67bcf05e7b1877011a6b39e6622b0013fe31c5025241873a3",
                "sha256:3992b9b914f2eb77dc07e8045d2ca979e491612808bc5c7cd68f307469acf9f6",
                "sha256:39a11de2335ad45ececed43ab851d36a4c52843d756471b940804f301792781e",
                "sha256:3c2afe9ef0d1649005e3ccf93c1aaccd6f8ee379530e763d3b3b77f406b7c0ae",
                "sha256:3fb18e0e52807fe3a300dc1b5421aa492d5e759550918f597d61863419482535",
                "sha256:55eab94de96ee9702f23283e9c8b03cfdb0001e2b14d5d2e1bd5ff8114b96b9f",
                "sha256:7e95c0ab7e7e6e452586f35d4d8966b1e924c8dd2c23977e3ea4968770ff1d26",
                "sha256:7f47514dbddf604f196fcfe5da955537f04691bef8124aff5632316a78d992b7",
                "sha256:8345370356bb4bddf93acbcfd0357163dd6b09471937adcfb38a2fbb49bdce53",
                "sha256:8bc6ecb220c0b88d3742042013129c817c44459795c97e9ce1bca70a3f37a53b",
                "sha256:8df623f248be15d1725faf5f333791678775047f12f17a90d29b5d22573f5cdc",
                "sha256:9645f1305e4268cc0fc88c823cd6c91de27c003e183c233a6a230e5e963039ee",
                "sha256:a68719ed5be8373dd72c9e45d55f7a202285e05a2e392eaa8872a67ea47d7d20",
                "sha256:aca0edf062ec09e954fdf0cc93d3a872362701210983a1442549e703aedec25d",
                "sha256:b0dd2114d93d8f424bb8ae76e0dc540f104b70ca9163172c05e7700b1459d4c9",
                "sha256:b2c09359d6802279efb9efb3f91a9c94567151baee95175f9b637ea628f35244",
                "sha256:ca7bc37b1efb7cc25271bf10f398462ed975d95259af1406d38fcb268466e34f",
                "sha256:e64235d9013ebf6319cb9654e08f5066112c34d8c4cc41186254ab9c3d6d5b9b",
                "sha256:ec9be679c0065667503851141c31fa699e1cc69ded3ba8e5d3673dd5a6eb1370",
                "sha256:eca00d0f91fcb44d88b12f1fd16ad138e38fa07debb79587e2b7ff1fe80d72b9",
                "sha256:f256e807b8b2b45b6af60d7f2bb5194aab2f4acc861241c4d8ef942a55f5030d",
                "sha256:fce7612a3bd6a7ba95799f88285653bf130bd7ca066b52674d5f850108b2aec0"
            ],
            "index": "pypi",
            "version": "==2.7.6.1"
        },
        "py-moneyed": {
            "hashes": [
                "sha256:c6691b914a5e4b5b2335cf113620479a52cc82988c0e143435a7c5c7d60cd4ad",
                "sha256:ec73795171919d537880a33c44d07fcdf0a5225e8368684fe02f0e75a6404742"
            ],
            "version": "==0.8.0"
        },
        "pytz": {
            "hashes": [
                "sha256:31cb35c89bd7d333cd32c5f278fca91b523b0834369e757f4c5641ea252236ca",
                "sha256:8e0f8568c118d3077b46be7d654cc8167fa916092e28320cde048e54bfc9f1e6"
            ],
            "index": "pypi",
            "version": "==2018.7"
        },
        "selenium": {
            "hashes": [
                "sha256:2d7131d7bc5a5b99a2d9b04aaf2612c411b03b8ca1b1ee8d3de5845a9be2cb3c",
                "sha256:deaf32b60ad91a4611b98d8002757f29e6f2c2d5fcaf202e1c9ad06d6772300d"
            ],
            "index": "pypi",
            "version": "==3.141.0"
        },
        "six": {
            "hashes": [
                "sha256:3350809f0555b11f552448330d0b52d5f24c91a322ea4a15ef22629740f3761c",
                "sha256:d16a0141ec1a18405cd4ce8b4613101da75da0e9a7aec5bdd4fa804d0e0eba73"
            ],
            "index": "pypi",
            "version": "==1.12.0"
        },
        "urllib3": {
            "hashes": [
                "sha256:61bf29cada3fc2fbefad4fdf059ea4bd1b4a86d2b6d15e1c7c0b582b9752fe39",
                "sha256:de9529817c93f27c8ccbfead6985011db27bd0ddfcdb2d86f3f663385c6a9c22"
            ],
            "version": "==1.24.1"
        },
        "whitenoise": {
            "hashes": [
                "sha256:15f43b2e701821b95c9016cf469d29e2a546cb1c7dead584ba82c36f843995cf",
                "sha256:9d81515f2b5b27051910996e1e860b1332e354d9e7bcf30c98f21dcb6713e0dd"
            ],
            "index": "pypi",
            "version": "==3.3.1"
        }
    },
    "develop": {
        "appnope": {
            "hashes": [
                "sha256:5b26757dc6f79a3b7dc9fab95359328d5747fcb2409d331ea66d0272b90ab2a0",
                "sha256:8b995ffe925347a2138d7ac0fe77155e4311a0ea6d6da4f5128fe4b3cbe5ed71"
            ],
            "markers": "sys_platform == 'darwin'",
            "version": "==0.1.0"
        },
        "atomicwrites": {
            "hashes": [
                "sha256:0312ad34fcad8fac3704d441f7b317e50af620823353ec657a53e981f92920c0",
                "sha256:ec9ae8adaae229e4f8446952d204a3e4b5fdd2d099f9be3aaf556120135fb3ee"
            ],
            "version": "==1.2.1"
        },
        "attrs": {
            "hashes": [
                "sha256:10cbf6e27dbce8c30807caf056c8eb50917e0eaafe86347671b57254006c3e69",
                "sha256:ca4be454458f9dec299268d472aaa5a11f67a4ff70093396e1ceae9c76cf4bbb"
            ],
            "version": "==18.2.0"
        },
        "backcall": {
            "hashes": [
                "sha256:38ecd85be2c1e78f77fd91700c76e14667dc21e2713b63876c0eb901196e01e4",
                "sha256:bbbf4b1e5cd2bdb08f915895b51081c041bac22394fdfcfdfbe9f14b77c08bf2"
            ],
            "version": "==0.2.0"
        },
        "decorator": {
            "hashes": [
                "sha256:2c51dff8ef3c447388fe5e4453d24a2bf128d3a4c32af3fabef1f01c6851ab82",
                "sha256:c39efa13fbdeb4506c476c9b3babf6a718da943dab7811c206005a4a956c080c"
            ],
            "version": "==4.3.0"
        },
        "flake8": {
            "hashes": [
                "sha256:6a35f5b8761f45c5513e3405f110a86bea57982c3b75b766ce7b65217abe1670",
                "sha256:c01f8a3963b3571a8e6bd7a4063359aff90749e160778e03817cd9b71c9e07d2"
            ],
            "index": "pypi",
            "version": "==3.6.0"
        },
        "ipython": {
            "hashes": [
                "sha256:6a9496209b76463f1dec126ab928919aaf1f55b38beb9219af3fe202f6bbdd12",
                "sha256:f69932b1e806b38a7818d9a1e918e5821b685715040b48e59c657b3c7961b742"
            ],
            "index": "pypi",
            "version": "==7.2.0"
        },
        "ipython-genutils": {
            "hashes": [
                "sha256:72dd37233799e619666c9f639a9da83c34013a73e8bbc79a7a6348d93c61fab8",
                "sha256:eb2e116e75ecef9d4d228fdc66af54269afa26ab4463042e33785b887c628ba8"
            ],
            "version": "==0.2.0"
        },
        "jedi": {
            "hashes": [
                "sha256:571702b5bd167911fe9036e5039ba67f820d6502832285cde8c881ab2b2149fd",
                "sha256:c8481b5e59d34a5c7c42e98f6625e633f6ef59353abea6437472c7ec2093f191"
            ],
            "version": "==0.13.2"
        },
        "mccabe": {
            "hashes": [
                "sha256:ab8a6258860da4b6677da4bd2fe5dc2c659cff31b3ee4f7f5d64e79735b80d42",
                "sha256:dd8d182285a0fe56bace7f45b5e7d1a6ebcbf524e8f3bd87eb0f125271b8831f"
            ],
            "version": "==0.6.1"
        },
        "more-itertools": {
            "hashes": [
                "sha256:38a936c0a6d98a38bcc2d03fdaaedaba9f412879461dd2ceff8d37564d6522e4",
                "sha256:c0a5785b1109a6bd7fac76d6837fd1feca158e54e521ccd2ae8bfe393cc9d4fc",
                "sha256:fe7a7cae1ccb57d33952113ff4fa1bc5f879963600ed74918f1236e212ee50b9"
            ],
            "version": "==5.0.0"
        },
        "mypy": {
            "hashes": [
                "sha256:12d965c9c4e8a625673aec493162cf390e66de12ef176b1f4821ac00d55f3ab3",
                "sha256:38d5b5f835a81817dcc0af8d155bce4e9aefa03794fe32ed154d6612e83feafa"
            ],
            "index": "pypi",
            "version": "==0.650"
        },
        "mypy-extensions": {
            "hashes": [
                "sha256:37e0e956f41369209a3d5f34580150bcacfabaa57b33a15c0b25f4b5725e0812",
                "sha256:b16cabe759f55e3409a7d231ebd2841378fb0c27a5d1994719e340e4f429ac3e"
            ],
            "version": "==0.4.1"
        },
        "parso": {
            "hashes": [
                "sha256:35704a43a3c113cce4de228ddb39aab374b8004f4f2407d070b6a2ca784ce8a2",
                "sha256:895c63e93b94ac1e1690f5fdd40b65f07c8171e3e53cbd7793b5b96c0e0a7f24"
            ],
            "version": "==0.3.1"
        },
        "pexpect": {
            "hashes": [
                "sha256:2a8e88259839571d1251d278476f3eec5db26deb73a70be5ed5dc5435e418aba",
                "sha256:3fbd41d4caf27fa4a377bfd16fef87271099463e6fa73e92a52f92dfee5d425b"
            ],
            "markers": "sys_platform != 'win32'",
            "version": "==4.6.0"
        },
        "pickleshare": {
            "hashes": [
                "sha256:87683d47965c1da65cdacaf31c8441d12b8044cdec9aca500cd78fc2c683afca",
                "sha256:9649af414d74d4df115d5d718f82acb59c9d418196b7b4290ed47a12ce62df56"
            ],
            "version": "==0.7.5"
        },
        "pluggy": {
            "hashes": [
                "sha256:447ba94990e8014ee25ec853339faf7b0fc8050cdc3289d4d71f7f410fb90095",
                "sha256:bde19360a8ec4dfd8a20dcb811780a30998101f078fc7ded6162f0076f50508f"
            ],
            "version": "==0.8.0"
        },
        "prompt-toolkit": {
            "hashes": [
                "sha256:c1d6aff5252ab2ef391c2fe498ed8c088066f66bc64a8d5c095bbf795d9fec34",
                "sha256:d4c47f79b635a0e70b84fdb97ebd9a274203706b1ee5ed44c10da62755cf3ec9",
                "sha256:fd17048d8335c1e6d5ee403c3569953ba3eb8555d710bfc548faf0712666ea39"
            ],
            "version": "==2.0.7"
        },
        "ptyprocess": {
            "hashes": [
                "sha256:923f299cc5ad920c68f2bc0bc98b75b9f838b93b599941a6b63ddbc2476394c0",
                "sha256:d7cc528d76e76342423ca640335bd3633420dc1366f258cb31d05e865ef5ca1f"
            ],
            "version": "==0.6.0"
        },
        "py": {
            "hashes": [
                "sha256:bf92637198836372b520efcba9e020c330123be8ce527e535d185ed4b6f45694",
                "sha256:e76826342cefe3c3d5f7e8ee4316b80d1dd8a300781612ddbc765c17ba25a6c6"
            ],
            "version": "==1.7.0"
        },
        "pycodestyle": {
            "hashes": [
                "sha256:cbc619d09254895b0d12c2c691e237b2e91e9b2ecf5e84c26b35400f93dcfb83",
                "sha256:cbfca99bd594a10f674d0cd97a3d802a1fdef635d4361e1a2658de47ed261e3a"
            ],
            "version": "==2.4.0"
        },
        "pyflakes": {
            "hashes": [
                "sha256:9a7662ec724d0120012f6e29d6248ae3727d821bba522a0e6b356eff19126a49",
                "sha256:f661252913bc1dbe7fcfcbf0af0db3f42ab65aabd1a6ca68fe5d466bace94dae"
            ],
            "version": "==2.0.0"
        },
        "pygments": {
            "hashes": [
                "sha256:5ffada19f6203563680669ee7f53b64dabbeb100eb51b61996085e99c03b284a",
                "sha256:e8218dd399a61674745138520d0d4cf2621d7e032439341bc3f647bff125818d"
            ],
            "version": "==2.3.1"
        },
        "pytest": {
            "hashes": [
                "sha256:3e65a22eb0d4f1bdbc1eacccf4a3198bf8d4049dea5112d70a0c61b00e748d02",
                "sha256:5924060b374f62608a078494b909d341720a050b5224ff87e17e12377486a71d"
            ],
            "index": "pypi",
            "version": "==4.1.0"
        },
        "six": {
            "hashes": [
                "sha256:3350809f0555b11f552448330d0b52d5f24c91a322ea4a15ef22629740f3761c",
                "sha256:d16a0141ec1a18405cd4ce8b4613101da75da0e9a7aec5bdd4fa804d0e0eba73"
            ],
            "index": "pypi",
            "version": "==1.12.0"
        },
        "traitlets": {
            "hashes": [
                "sha256:9c4bd2d267b7153df9152698efb1050a5d84982d3384a37b2c1f7723ba3e7835",
                "sha256:c6cb5e6f57c5a9bdaa40fa71ce7b4af30298fbab9ece9815b5d995ab6217c7d9"
            ],
            "version": "==4.3.2"
        },
        "typed-ast": {
            "hashes": [
                "sha256:0555eca1671ebe09eb5f2176723826f6f44cca5060502fea259de9b0e893ab53",
                "sha256:0ca96128ea66163aea13911c9b4b661cb345eb729a20be15c034271360fc7474",
                "sha256:16ccd06d614cf81b96de42a37679af12526ea25a208bce3da2d9226f44563868",
                "sha256:1e21ae7b49a3f744958ffad1737dfbdb43e1137503ccc59f4e32c4ac33b0bd1c",
                "sha256:37670c6fd857b5eb68aa5d193e14098354783b5138de482afa401cc2644f5a7f",
                "sha256:46d84c8e3806619ece595aaf4f37743083f9454c9ea68a517f1daa05126daf1d",
                "sha256:5b972bbb3819ece283a67358103cc6671da3646397b06e7acea558444daf54b2",
                "sha256:6306ffa64922a7b58ee2e8d6f207813460ca5a90213b4a400c2e730375049246",
                "sha256:6cb25dc95078931ecbd6cbcc4178d1b8ae8f2b513ae9c3bd0b7f81c2191db4c6",
                "sha256:7e19d439fee23620dea6468d85bfe529b873dace39b7e5b0c82c7099681f8a22",
                "sha256:7f5cd83af6b3ca9757e1127d852f497d11c7b09b4716c355acfbebf783d028da",
                "sha256:81e885a713e06faeef37223a5b1167615db87f947ecc73f815b9d1bbd6b585be",
                "sha256:94af325c9fe354019a29f9016277c547ad5d8a2d98a02806f27a7436b2da6735",
                "sha256:b1e5445c6075f509d5764b84ce641a1535748801253b97f3b7ea9d948a22853a",
                "sha256:cb061a959fec9a514d243831c514b51ccb940b58a5ce572a4e209810f2507dcf",
                "sha256:cc8d0b703d573cbabe0d51c9d68ab68df42a81409e4ed6af45a04a95484b96a5",
                "sha256:da0afa955865920edb146926455ec49da20965389982f91e926389666f5cf86a",
                "sha256:dc76738331d61818ce0b90647aedde17bbba3d3f9e969d83c1d9087b4f978862",
                "sha256:e7ec9a1445d27dbd0446568035f7106fa899a36f55e52ade28020f7b3845180d",
                "sha256:f741ba03feb480061ab91a465d1a3ed2d40b52822ada5b4017770dfcb88f839f",
                "sha256:fe800a58547dd424cd286b7270b967b5b3316b993d86453ede184a17b5a6b17d"
            ],
            "version": "==1.1.1"
        },
        "wcwidth": {
            "hashes": [
                "sha256:3df37372226d6e63e1b1e1eda15c594bca98a22d33a23832a90998faa96bc65e",
                "sha256:f4ebe71925af7b40a864553f761ed559b43544f8f71746c2d756c7fe788ade7c"
            ],
            "version": "==0.1.7"
        }
    }
}
